
Microsoft Visual Studio Solution File, Format Version 12.00
# Visual Studio Version 17
VisualStudioVersion = 17.14.36221.1 d17.14
MinimumVisualStudioVersion = 10.0.40219.1
Project("{8BC9CEB8-8B4A-11D0-8D11-00A0C91BC942}") = "BRDFs", "BRDFs.vcxproj", "{915A209D-8368-47D7-A279-FC40F760C7CE}"
EndProject
Global
	GlobalSection(SolutionConfigurationPlatforms) = preSolution
		Debug|x64 = Debug|x64
		Release|x64 = Release|x64
	EndGlobalSection
	GlobalSection(ProjectConfigurationPlatforms) = postSolution
		{915A209D-8368-47D7-A279-FC40F760C7CE}.Debug|x64.ActiveCfg = Debug|x64
		{915A209D-8368-47D7-A279-FC40F760C7CE}.Debug|x64.Build.0 = Debug|x64
		{915A209D-8368-47D7-A279-FC40F760C7CE}.Release|x64.ActiveCfg = Release|x64
		{915A209D-8368-47D7-A279-FC40F760C7CE}.Release|x64.Build.0 = Release|x64
	EndGlobalSection
	GlobalSection(SolutionProperties) = preSolution
		HideSolutionNode = FALSE
	EndGlobalSection
	GlobalSection(ExtensibilityGlobals) = postSolution
		SolutionGuid = {E9CD9208-349B-4B50-ABEC-14D7A3B4BD33}
	EndGlobalSection
EndGlobal
